
Microsoft Visual Studio Solution File, Format Version 10.00
# Visual Studio 2008
Project("{FAE04EC0-301F-11D3-BF4B-00C04F79EFBC}") = "ProjectBrit", "ProjectBrit\ProjectBrit.csproj", "{EEF6326C-119D-4B21-9EA6-D6EB18B047B6}"
EndProject
Project("{FAE04EC0-301F-11D3-BF4B-00C04F79EFBC}") = "ProjectBrit.Tests", "ProjectBrit.Tests\ProjectBrit.Tests.csproj", "{6D9248FA-6D8C-4BDC-9A96-4FA645DFE28C}"
EndProject
Global
	GlobalSection(SolutionConfigurationPlatforms) = preSolution
		Debug|Any CPU = Debug|Any CPU
		Release|Any CPU = Release|Any CPU
	EndGlobalSection
	GlobalSection(ProjectConfigurationPlatforms) = postSolution
		{EEF6326C-119D-4B21-9EA6-D6EB18B047B6}.Debug|Any CPU.ActiveCfg = Debug|Any CPU
		{EEF6326C-119D-4B21-9EA6-D6EB18B047B6}.Debug|Any CPU.Build.0 = Debug|Any CPU
		{EEF6326C-119D-4B21-9EA6-D6EB18B047B6}.Release|Any CPU.ActiveCfg = Release|Any CPU
		{EEF6326C-119D-4B21-9EA6-D6EB18B047B6}.Release|Any CPU.Build.0 = Release|Any CPU
		{6D9248FA-6D8C-4BDC-9A96-4FA645DFE28C}.Debug|Any CPU.ActiveCfg = Debug|Any CPU
		{6D9248FA-6D8C-4BDC-9A96-4FA645DFE28C}.Debug|Any CPU.Build.0 = Debug|Any CPU
		{6D9248FA-6D8C-4BDC-9A96-4FA645DFE28C}.Release|Any CPU.ActiveCfg = Release|Any CPU
		{6D9248FA-6D8C-4BDC-9A96-4FA645DFE28C}.Release|Any CPU.Build.0 = Release|Any CPU
	EndGlobalSection
	GlobalSection(SolutionProperties) = preSolution
		HideSolutionNode = FALSE
	EndGlobalSection
EndGlobal
